
Microsoft Visual Studio Solution File, Format Version 12.00
# Visual Studio Version 16
VisualStudioVersion = 16.0.32802.440
MinimumVisualStudioVersion = 10.0.40219.1
Project("{FAE04EC0-301F-11D3-BF4B-00C04F79EFBC}") = "BookRepository_Project", "BookRepository_Project\BookRepository_Project.csproj", "{52669D60-FE2A-49AE-B11E-7D001AC831EE}"
EndProject
Global
	GlobalSection(SolutionConfigurationPlatforms) = preSolution
		Debug|Any CPU = Debug|Any CPU
		Release|Any CPU = Release|Any CPU
	EndGlobalSection
	GlobalSection(ProjectConfigurationPlatforms) = postSolution
		{52669D60-FE2A-49AE-B11E-7D001AC831EE}.Debug|Any CPU.ActiveCfg = Debug|Any CPU
		{52669D60-FE2A-49AE-B11E-7D001AC831EE}.Debug|Any CPU.Build.0 = Debug|Any CPU
		{52669D60-FE2A-49AE-B11E-7D001AC831EE}.Release|Any CPU.ActiveCfg = Release|Any CPU
		{52669D60-FE2A-49AE-B11E-7D001AC831EE}.Release|Any CPU.Build.0 = Release|Any CPU
	EndGlobalSection
	GlobalSection(SolutionProperties) = preSolution
		HideSolutionNode = FALSE
	EndGlobalSection
	GlobalSection(ExtensibilityGlobals) = postSolution
		SolutionGuid = {52CA9AC8-B005-4A57-8E84-F33F0377C142}
	EndGlobalSection
EndGlobal
